
Microsoft Visual Studio Solution File, Format Version 12.00
# Visual Studio Version 16
VisualStudioVersion = 16.0.29001.49
MinimumVisualStudioVersion = 10.0.40219.1
Project("{FAE04EC0-301F-11D3-BF4B-00C04F79EFBC}") = "SmartFarmWebsite", "SmartFarmWebsite.csproj", "{1917EEF6-24C9-417D-97A7-D0C852F116C6}"
EndProject
Global
	GlobalSection(SolutionConfigurationPlatforms) = preSolution
		Debug|Any CPU = Debug|Any CPU
		Release|Any CPU = Release|Any CPU
	EndGlobalSection
	GlobalSection(ProjectConfigurationPlatforms) = postSolution
		{1917EEF6-24C9-417D-97A7-D0C852F116C6}.Debug|Any CPU.ActiveCfg = Debug|Any CPU
		{1917EEF6-24C9-417D-97A7-D0C852F116C6}.Debug|Any CPU.Build.0 = Debug|Any CPU
		{1917EEF6-24C9-417D-97A7-D0C852F116C6}.Release|Any CPU.ActiveCfg = Release|Any CPU
		{1917EEF6-24C9-417D-97A7-D0C852F116C6}.Release|Any CPU.Build.0 = Release|Any CPU
	EndGlobalSection
	GlobalSection(SolutionProperties) = preSolution
		HideSolutionNode = FALSE
	EndGlobalSection
	GlobalSection(ExtensibilityGlobals) = postSolution
		SolutionGuid = {64DB3D94-8569-46E7-BC59-044F504D9ADE}
	EndGlobalSection
EndGlobal
